
Microsoft Visual Studio Solution File, Format Version 12.00
# Visual Studio Version 17
VisualStudioVersion = 17.4.33403.182
MinimumVisualStudioVersion = 10.0.40219.1
Project("{FAE04EC0-301F-11D3-BF4B-00C04F79EFBC}") = "Assignment_1_Web_API", "Assignment_1_Web_API\Assignment_1_Web_API.csproj", "{DE003072-6634-4294-956A-A8BBB46022E7}"
EndProject
Global
	GlobalSection(SolutionConfigurationPlatforms) = preSolution
		Debug|Any CPU = Debug|Any CPU
		Release|Any CPU = Release|Any CPU
	EndGlobalSection
	GlobalSection(ProjectConfigurationPlatforms) = postSolution
		{DE003072-6634-4294-956A-A8BBB46022E7}.Debug|Any CPU.ActiveCfg = Debug|Any CPU
		{DE003072-6634-4294-956A-A8BBB46022E7}.Debug|Any CPU.Build.0 = Debug|Any CPU
		{DE003072-6634-4294-956A-A8BBB46022E7}.Release|Any CPU.ActiveCfg = Release|Any CPU
		{DE003072-6634-4294-956A-A8BBB46022E7}.Release|Any CPU.Build.0 = Release|Any CPU
	EndGlobalSection
	GlobalSection(SolutionProperties) = preSolution
		HideSolutionNode = FALSE
	EndGlobalSection
	GlobalSection(ExtensibilityGlobals) = postSolution
		SolutionGuid = {996E6941-2EA8-4BFA-A4AD-AFD045E0030A}
	EndGlobalSection
EndGlobal
